
Microsoft Visual Studio Solution File, Format Version 12.00
# Visual Studio Version 17
VisualStudioVersion = 17.7.34024.191
MinimumVisualStudioVersion = 10.0.40219.1
Project("{2150E333-8FDC-42A3-9474-1A3956D46DE8}") = "src", "src", "{50B829F1-4A0A-41DD-8E0F-CF0BC045D163}"
EndProject
Project("{2150E333-8FDC-42A3-9474-1A3956D46DE8}") = "test", "test", "{0484369D-0F9A-4EB7-9957-CFD574824CCD}"
EndProject
Project("{2150E333-8FDC-42A3-9474-1A3956D46DE8}") = "Api", "Api", "{CAD91E18-7273-4B50-A7CD-69468FA743FA}"
EndProject
Project("{2150E333-8FDC-42A3-9474-1A3956D46DE8}") = "Core", "Core", "{A5B33FE0-32F4-4278-938C-BA01E3750AF1}"
EndProject
Project("{2150E333-8FDC-42A3-9474-1A3956D46DE8}") = "Infrastructure", "Infrastructure", "{E3908466-0254-4205-A3BF-B429656F83E9}"
EndProject
Project("{FAE04EC0-301F-11D3-BF4B-00C04F79EFBC}") = "Visma.Timelogger.Api", "Visma.Timelogger.Api\Visma.Timelogger.Api.csproj", "{332D4499-54F2-45EC-8424-2D8F825003ED}"
EndProject
Project("{FAE04EC0-301F-11D3-BF4B-00C04F79EFBC}") = "Visma.Timelogger.Domain", "Visma.Timelogger.Domain\Visma.Timelogger.Domain.csproj", "{71A6B890-8FEB-4718-ADEC-2ACBA1C7E9DB}"
EndProject
Project("{FAE04EC0-301F-11D3-BF4B-00C04F79EFBC}") = "Visma.Timelogger.Application", "Visma.Timelogger.Application\Visma.Timelogger.Application.csproj", "{1479172B-8CCA-4EBF-8E7A-88EB199F947D}"
EndProject
Project("{FAE04EC0-301F-11D3-BF4B-00C04F79EFBC}") = "Visma.Timelogger.Persistence", "Visma.Timelogger.Infrastructure\Visma.Timelogger.Persistence.csproj", "{D4CF727A-C58B-4983-9787-5609042D3AAE}"
EndProject
Project("{FAE04EC0-301F-11D3-BF4B-00C04F79EFBC}") = "Visma.Timelogger.Application.Test.Unit", "Visma.Timelogger.Application.Test.Unit\Visma.Timelogger.Application.Test.Unit.csproj", "{E7474952-91B2-42E1-AEE0-692EBAC2AAC1}"
EndProject
Global
	GlobalSection(SolutionConfigurationPlatforms) = preSolution
		Debug|Any CPU = Debug|Any CPU
		Release|Any CPU = Release|Any CPU
	EndGlobalSection
	GlobalSection(ProjectConfigurationPlatforms) = postSolution
		{332D4499-54F2-45EC-8424-2D8F825003ED}.Debug|Any CPU.ActiveCfg = Debug|Any CPU
		{332D4499-54F2-45EC-8424-2D8F825003ED}.Debug|Any CPU.Build.0 = Debug|Any CPU
		{332D4499-54F2-45EC-8424-2D8F825003ED}.Release|Any CPU.ActiveCfg = Release|Any CPU
		{332D4499-54F2-45EC-8424-2D8F825003ED}.Release|Any CPU.Build.0 = Release|Any CPU
		{71A6B890-8FEB-4718-ADEC-2ACBA1C7E9DB}.Debug|Any CPU.ActiveCfg = Debug|Any CPU
		{71A6B890-8FEB-4718-ADEC-2ACBA1C7E9DB}.Debug|Any CPU.Build.0 = Debug|Any CPU
		{71A6B890-8FEB-4718-ADEC-2ACBA1C7E9DB}.Release|Any CPU.ActiveCfg = Release|Any CPU
		{71A6B890-8FEB-4718-ADEC-2ACBA1C7E9DB}.Release|Any CPU.Build.0 = Release|Any CPU
		{1479172B-8CCA-4EBF-8E7A-88EB199F947D}.Debug|Any CPU.ActiveCfg = Debug|Any CPU
		{1479172B-8CCA-4EBF-8E7A-88EB199F947D}.Debug|Any CPU.Build.0 = Debug|Any CPU
		{1479172B-8CCA-4EBF-8E7A-88EB199F947D}.Release|Any CPU.ActiveCfg = Release|Any CPU
		{1479172B-8CCA-4EBF-8E7A-88EB199F947D}.Release|Any CPU.Build.0 = Release|Any CPU
		{D4CF727A-C58B-4983-9787-5609042D3AAE}.Debug|Any CPU.ActiveCfg = Debug|Any CPU
		{D4CF727A-C58B-4983-9787-5609042D3AAE}.Debug|Any CPU.Build.0 = Debug|Any CPU
		{D4CF727A-C58B-4983-9787-5609042D3AAE}.Release|Any CPU.ActiveCfg = Release|Any CPU
		{D4CF727A-C58B-4983-9787-5609042D3AAE}.Release|Any CPU.Build.0 = Release|Any CPU
		{E7474952-91B2-42E1-AEE0-692EBAC2AAC1}.Debug|Any CPU.ActiveCfg = Debug|Any CPU
		{E7474952-91B2-42E1-AEE0-692EBAC2AAC1}.Debug|Any CPU.Build.0 = Debug|Any CPU
		{E7474952-91B2-42E1-AEE0-692EBAC2AAC1}.Release|Any CPU.ActiveCfg = Release|Any CPU
		{E7474952-91B2-42E1-AEE0-692EBAC2AAC1}.Release|Any CPU.Build.0 = Release|Any CPU
	EndGlobalSection
	GlobalSection(SolutionProperties) = preSolution
		HideSolutionNode = FALSE
	EndGlobalSection
	GlobalSection(NestedProjects) = preSolution
		{CAD91E18-7273-4B50-A7CD-69468FA743FA} = {50B829F1-4A0A-41DD-8E0F-CF0BC045D163}
		{A5B33FE0-32F4-4278-938C-BA01E3750AF1} = {50B829F1-4A0A-41DD-8E0F-CF0BC045D163}
		{E3908466-0254-4205-A3BF-B429656F83E9} = {50B829F1-4A0A-41DD-8E0F-CF0BC045D163}
		{332D4499-54F2-45EC-8424-2D8F825003ED} = {CAD91E18-7273-4B50-A7CD-69468FA743FA}
		{71A6B890-8FEB-4718-ADEC-2ACBA1C7E9DB} = {A5B33FE0-32F4-4278-938C-BA01E3750AF1}
		{1479172B-8CCA-4EBF-8E7A-88EB199F947D} = {A5B33FE0-32F4-4278-938C-BA01E3750AF1}
		{D4CF727A-C58B-4983-9787-5609042D3AAE} = {E3908466-0254-4205-A3BF-B429656F83E9}
		{E7474952-91B2-42E1-AEE0-692EBAC2AAC1} = {0484369D-0F9A-4EB7-9957-CFD574824CCD}
	EndGlobalSection
	GlobalSection(ExtensibilityGlobals) = postSolution
		SolutionGuid = {42DFCDC2-4FED-4DCA-8B98-F223AE207864}
	EndGlobalSection
EndGlobal
